
Microsoft Visual Studio Solution File, Format Version 12.00
# Visual Studio Version 17
VisualStudioVersion = 17.3.32804.467
MinimumVisualStudioVersion = 10.0.40219.1
Project("{8BC9CEB8-8B4A-11D0-8D11-00A0C91BC942}") = "3Dani_task3", "3Dani_task3\3Dani_task3.vcxproj", "{630B63AD-32A1-4D06-A3F3-BC06CA7F1773}"
EndProject
Global
	GlobalSection(SolutionConfigurationPlatforms) = preSolution
		Debug|x64 = Debug|x64
		Debug|x86 = Debug|x86
		Release|x64 = Release|x64
		Release|x86 = Release|x86
	EndGlobalSection
	GlobalSection(ProjectConfigurationPlatforms) = postSolution
		{630B63AD-32A1-4D06-A3F3-BC06CA7F1773}.Debug|x64.ActiveCfg = Debug|x64
		{630B63AD-32A1-4D06-A3F3-BC06CA7F1773}.Debug|x64.Build.0 = Debug|x64
		{630B63AD-32A1-4D06-A3F3-BC06CA7F1773}.Debug|x86.ActiveCfg = Debug|Win32
		{630B63AD-32A1-4D06-A3F3-BC06CA7F1773}.Debug|x86.Build.0 = Debug|Win32
		{630B63AD-32A1-4D06-A3F3-BC06CA7F1773}.Release|x64.ActiveCfg = Release|x64
		{630B63AD-32A1-4D06-A3F3-BC06CA7F1773}.Release|x64.Build.0 = Release|x64
		{630B63AD-32A1-4D06-A3F3-BC06CA7F1773}.Release|x86.ActiveCfg = Release|Win32
		{630B63AD-32A1-4D06-A3F3-BC06CA7F1773}.Release|x86.Build.0 = Release|Win32
	EndGlobalSection
	GlobalSection(SolutionProperties) = preSolution
		HideSolutionNode = FALSE
	EndGlobalSection
	GlobalSection(ExtensibilityGlobals) = postSolution
		SolutionGuid = {EBA93A2C-29E7-44FD-AB51-CEB22F4A9807}
	EndGlobalSection
EndGlobal
