
Microsoft Visual Studio Solution File, Format Version 12.00
# Visual Studio Version 17
VisualStudioVersion = 17.3.32929.385
MinimumVisualStudioVersion = 10.0.40219.1
Project("{8BC9CEB8-8B4A-11D0-8D11-00A0C91BC942}") = "hw3", "hw3\hw3.vcxproj", "{76B8B52B-1158-43FE-BDD7-27531F3BF193}"
EndProject
Global
	GlobalSection(SolutionConfigurationPlatforms) = preSolution
		Debug|x64 = Debug|x64
		Debug|x86 = Debug|x86
		Release|x64 = Release|x64
		Release|x86 = Release|x86
	EndGlobalSection
	GlobalSection(ProjectConfigurationPlatforms) = postSolution
		{76B8B52B-1158-43FE-BDD7-27531F3BF193}.Debug|x64.ActiveCfg = Debug|x64
		{76B8B52B-1158-43FE-BDD7-27531F3BF193}.Debug|x64.Build.0 = Debug|x64
		{76B8B52B-1158-43FE-BDD7-27531F3BF193}.Debug|x86.ActiveCfg = Debug|Win32
		{76B8B52B-1158-43FE-BDD7-27531F3BF193}.Debug|x86.Build.0 = Debug|Win32
		{76B8B52B-1158-43FE-BDD7-27531F3BF193}.Release|x64.ActiveCfg = Release|x64
		{76B8B52B-1158-43FE-BDD7-27531F3BF193}.Release|x64.Build.0 = Release|x64
		{76B8B52B-1158-43FE-BDD7-27531F3BF193}.Release|x86.ActiveCfg = Release|Win32
		{76B8B52B-1158-43FE-BDD7-27531F3BF193}.Release|x86.Build.0 = Release|Win32
	EndGlobalSection
	GlobalSection(SolutionProperties) = preSolution
		HideSolutionNode = FALSE
	EndGlobalSection
	GlobalSection(ExtensibilityGlobals) = postSolution
		SolutionGuid = {D05D4839-F855-47CF-B0CA-466B88DAAD55}
	EndGlobalSection
EndGlobal
